github.com/benaskins/axon-tape v0.1.1 h1:ZL/QJ3TQjEtcXtozp0Ww9GbuzOLRsnFIzHjV7vQJzlo=
github.com/benaskins/axon-tape v0.1.1/go.mod h1:j7B7BlQjvqX+U5djQooLIYRZ0Njvvgj/QQGTkPzm2ag=
github.com/benaskins/axon-tool v0.3.0 h1:YWdTbcxnE95yjp9i5BI8RyN56fyWAT9Wk57oYflfyxI=
github.com/benaskins/axon-tool v0.3.0/go.mod h1:LnCeTvAo8vsI+XF4YBIt4YV1Mtpx3WImGurFRs2W0s4=
